# THIS IS AN AUTOGENERATED FILE. DO NOT EDIT THIS FILE DIRECTLY.
# yarn lockfile v1


jquery@x.*:
  version "3.2.1"
  resolved "https://registry.yarnpkg.com/jquery/-/jquery-3.2.1.tgz#5c4d9de652af6cd0a770154a631bba12b015c787"

semantic-ui-css@^2.2.10:
  version "2.2.10"
  resolved "https://registry.yarnpkg.com/semantic-ui-css/-/semantic-ui-css-2.2.10.tgz#f8f4470dbeffca0f0f3ff4fb71a35c71e88ad89c"
  dependencies:
    jquery x.*
